
Microsoft Visual Studio Solution File, Format Version 12.00
# Visual Studio Version 17
VisualStudioVersion = 17.3.32819.101
MinimumVisualStudioVersion = 10.0.40219.1
Project("{888888A0-9F3D-457C-B088-3A5042F75D52}") = "Kapitel 10 uppgift 7", "Kapitel 10 uppgift 7\Kapitel 10 uppgift 7.pyproj", "{F975A906-2E93-46D3-922B-220A41AD0EE1}"
EndProject
Global
	GlobalSection(SolutionConfigurationPlatforms) = preSolution
		Debug|Any CPU = Debug|Any CPU
		Release|Any CPU = Release|Any CPU
	EndGlobalSection
	GlobalSection(ProjectConfigurationPlatforms) = postSolution
		{F975A906-2E93-46D3-922B-220A41AD0EE1}.Debug|Any CPU.ActiveCfg = Debug|Any CPU
		{F975A906-2E93-46D3-922B-220A41AD0EE1}.Release|Any CPU.ActiveCfg = Release|Any CPU
	EndGlobalSection
	GlobalSection(SolutionProperties) = preSolution
		HideSolutionNode = FALSE
	EndGlobalSection
	GlobalSection(ExtensibilityGlobals) = postSolution
		SolutionGuid = {3D29CBD1-5B39-4261-BA81-61617E182FBC}
	EndGlobalSection
EndGlobal
